<?xml version="1.0" encoding="utf-8"?>
<Project ToolsVersion="4.0" xmlns="http://schemas.microsoft.com/developer/msbuild/2003">
  <ItemGroup>
    <Filter Include="Header Files">
      <UniqueIdentifier>{4a8a2882-b8a6-4e5b-ab3d-8f7f38f721ee}</UniqueIdentifier>
    </Filter>
    <Filter Include="Source Files">
      <UniqueIdentifier>{8f28cdff-5cd4-4956-a85b-b58b1b08c72c}</UniqueIdentifier>
    </Filter>
  </ItemGroup>
  <ItemGroup>
    <ClInclude Include="src\allMessages.hpp">
      <Filter>Header Files</Filter>
    </ClInclude>
    <ClInclude Include="src\connection.hpp">
      <Filter>Header Files</Filter>
    </ClInclude>
    <ClInclude Include="src\dataMessage.hpp">
      <Filter>Header Files</Filter>
    </ClInclude>
    <ClInclude Include="src\dataMessageAck.hpp">
      <Filter>Header Files</Filter>
    </ClInclude>
    <ClInclude Include="src\handshake.hpp">
      <Filter>Header Files</Filter>
    </ClInclude>
    <ClInclude Include="src\handshakeReply.hpp">
      <Filter>Header Files</Filter>
    </ClInclude>
    <ClInclude Include="src\logMessage.hpp">
      <Filter>Header Files</Filter>
    </ClInclude>
    <ClInclude Include="src\message.hpp">
      <Filter>Header Files</Filter>
    </ClInclude>
    <ClInclude Include="src\messageVisitor.hpp">
      <Filter>Header Files</Filter>
    </ClInclude>
    <ClInclude Include="src\node.hpp">
      <Filter>Header Files</Filter>
    </ClInclude>
    <ClInclude Include="src\routingMessage.hpp">
      <Filter>Header Files</Filter>
    </ClInclude>
    <ClInclude Include="src\sendError.hpp">
      <Filter>Header Files</Filter>
    </ClInclude>
  </ItemGroup>
  <ItemGroup>
    <ClCompile Include="src\connection.cpp">
      <Filter>Source Files</Filter>
    </ClCompile>
    <ClCompile Include="src\node.cpp">
      <Filter>Source Files</Filter>
    </ClCompile>
  </ItemGroup>
</Project>